
Microsoft Visual Studio Solution File, Format Version 12.00
# Visual Studio Version 17
VisualStudioVersion = 17.0.32014.148
MinimumVisualStudioVersion = 10.0.40219.1
Project("{8BC9CEB8-8B4A-11D0-8D11-00A0C91BC942}") = "lotto", "ConsoleApplication2\ConsoleApplication2.vcxproj", "{AE2DEBF5-DF67-4B3F-BFDB-C17D58744F9C}"
EndProject
Project("{8BC9CEB8-8B4A-11D0-8D11-00A0C91BC942}") = "joker", "joker\joker.vcxproj", "{2E6492C4-EE7E-4AAA-87E2-AE84C92566A1}"
EndProject
Project("{8BC9CEB8-8B4A-11D0-8D11-00A0C91BC942}") = "Solution_01", "Solution_01\Solution_01.vcxproj", "{31A1B711-5584-4DF0-B2A3-CF752B3EB6DB}"
EndProject
Project("{8BC9CEB8-8B4A-11D0-8D11-00A0C91BC942}") = "Solution_02", "Solution_02\Solution_02.vcxproj", "{A1C3C662-9D59-445A-AC02-CDD511187434}"
EndProject
Project("{8BC9CEB8-8B4A-11D0-8D11-00A0C91BC942}") = "Solution_03", "Solution_03\Solution_03.vcxproj", "{67DB8E7A-89DE-47CA-BD02-3201A830BE6F}"
EndProject
Project("{8BC9CEB8-8B4A-11D0-8D11-00A0C91BC942}") = "Solution_05", "Solution_05\Solution_05.vcxproj", "{A663DD39-CFE3-471D-B107-F1ABDAD4B083}"
EndProject
Project("{8BC9CEB8-8B4A-11D0-8D11-00A0C91BC942}") = "Solution_04", "Solution_04\Solution_04.vcxproj", "{7B059433-3A4C-42B9-8DDF-B8F5380DBDFA}"
EndProject
Project("{8BC9CEB8-8B4A-11D0-8D11-00A0C91BC942}") = "Solution_06", "Solution_06\Solution_06.vcxproj", "{70C548ED-D50B-40D3-93D0-D8B526DA29DA}"
EndProject
Project("{8BC9CEB8-8B4A-11D0-8D11-00A0C91BC942}") = "Solution_07", "Solution_07\Solution_07.vcxproj", "{CE40DA96-FB49-42CD-894E-4F422A30D669}"
EndProject
Project("{8BC9CEB8-8B4A-11D0-8D11-00A0C91BC942}") = "Solution_08", "Solution_08\Solution_08.vcxproj", "{D6FB98A5-25C4-4B55-A1D3-D1C64CD71111}"
EndProject
Global
	GlobalSection(SolutionConfigurationPlatforms) = preSolution
		Debug|x64 = Debug|x64
		Debug|x86 = Debug|x86
		Release|x64 = Release|x64
		Release|x86 = Release|x86
	EndGlobalSection
	GlobalSection(ProjectConfigurationPlatforms) = postSolution
		{AE2DEBF5-DF67-4B3F-BFDB-C17D58744F9C}.Debug|x64.ActiveCfg = Debug|x64
		{AE2DEBF5-DF67-4B3F-BFDB-C17D58744F9C}.Debug|x64.Build.0 = Debug|x64
		{AE2DEBF5-DF67-4B3F-BFDB-C17D58744F9C}.Debug|x86.ActiveCfg = Debug|Win32
		{AE2DEBF5-DF67-4B3F-BFDB-C17D58744F9C}.Debug|x86.Build.0 = Debug|Win32
		{AE2DEBF5-DF67-4B3F-BFDB-C17D58744F9C}.Release|x64.ActiveCfg = Release|x64
		{AE2DEBF5-DF67-4B3F-BFDB-C17D58744F9C}.Release|x64.Build.0 = Release|x64
		{AE2DEBF5-DF67-4B3F-BFDB-C17D58744F9C}.Release|x86.ActiveCfg = Release|Win32
		{AE2DEBF5-DF67-4B3F-BFDB-C17D58744F9C}.Release|x86.Build.0 = Release|Win32
		{2E6492C4-EE7E-4AAA-87E2-AE84C92566A1}.Debug|x64.ActiveCfg = Debug|x64
		{2E6492C4-EE7E-4AAA-87E2-AE84C92566A1}.Debug|x64.Build.0 = Debug|x64
		{2E6492C4-EE7E-4AAA-87E2-AE84C92566A1}.Debug|x86.ActiveCfg = Debug|Win32
		{2E6492C4-EE7E-4AAA-87E2-AE84C92566A1}.Debug|x86.Build.0 = Debug|Win32
		{2E6492C4-EE7E-4AAA-87E2-AE84C92566A1}.Release|x64.ActiveCfg = Release|x64
		{2E6492C4-EE7E-4AAA-87E2-AE84C92566A1}.Release|x64.Build.0 = Release|x64
		{2E6492C4-EE7E-4AAA-87E2-AE84C92566A1}.Release|x86.ActiveCfg = Release|Win32
		{2E6492C4-EE7E-4AAA-87E2-AE84C92566A1}.Release|x86.Build.0 = Release|Win32
		{31A1B711-5584-4DF0-B2A3-CF752B3EB6DB}.Debug|x64.ActiveCfg = Debug|x64
		{31A1B711-5584-4DF0-B2A3-CF752B3EB6DB}.Debug|x64.Build.0 = Debug|x64
		{31A1B711-5584-4DF0-B2A3-CF752B3EB6DB}.Debug|x86.ActiveCfg = Debug|Win32
		{31A1B711-5584-4DF0-B2A3-CF752B3EB6DB}.Debug|x86.Build.0 = Debug|Win32
		{31A1B711-5584-4DF0-B2A3-CF752B3EB6DB}.Release|x64.ActiveCfg = Release|x64
		{31A1B711-5584-4DF0-B2A3-CF752B3EB6DB}.Release|x64.Build.0 = Release|x64
		{31A1B711-5584-4DF0-B2A3-CF752B3EB6DB}.Release|x86.ActiveCfg = Release|Win32
		{31A1B711-5584-4DF0-B2A3-CF752B3EB6DB}.Release|x86.Build.0 = Release|Win32
		{A1C3C662-9D59-445A-AC02-CDD511187434}.Debug|x64.ActiveCfg = Debug|x64
		{A1C3C662-9D59-445A-AC02-CDD511187434}.Debug|x64.Build.0 = Debug|x64
		{A1C3C662-9D59-445A-AC02-CDD511187434}.Debug|x86.ActiveCfg = Debug|Win32
		{A1C3C662-9D59-445A-AC02-CDD511187434}.Debug|x86.Build.0 = Debug|Win32
		{A1C3C662-9D59-445A-AC02-CDD511187434}.Release|x64.ActiveCfg = Release|x64
		{A1C3C662-9D59-445A-AC02-CDD511187434}.Release|x64.Build.0 = Release|x64
		{A1C3C662-9D59-445A-AC02-CDD511187434}.Release|x86.ActiveCfg = Release|Win32
		{A1C3C662-9D59-445A-AC02-CDD511187434}.Release|x86.Build.0 = Release|Win32
		{67DB8E7A-89DE-47CA-BD02-3201A830BE6F}.Debug|x64.ActiveCfg = Debug|x64
		{67DB8E7A-89DE-47CA-BD02-3201A830BE6F}.Debug|x64.Build.0 = Debug|x64
		{67DB8E7A-89DE-47CA-BD02-3201A830BE6F}.Debug|x86.ActiveCfg = Debug|Win32
		{67DB8E7A-89DE-47CA-BD02-3201A830BE6F}.Debug|x86.Build.0 = Debug|Win32
		{67DB8E7A-89DE-47CA-BD02-3201A830BE6F}.Release|x64.ActiveCfg = Release|x64
		{67DB8E7A-89DE-47CA-BD02-3201A830BE6F}.Release|x64.Build.0 = Release|x64
		{67DB8E7A-89DE-47CA-BD02-3201A830BE6F}.Release|x86.ActiveCfg = Release|Win32
		{67DB8E7A-89DE-47CA-BD02-3201A830BE6F}.Release|x86.Build.0 = Release|Win32
		{A663DD39-CFE3-471D-B107-F1ABDAD4B083}.Debug|x64.ActiveCfg = Debug|x64
		{A663DD39-CFE3-471D-B107-F1ABDAD4B083}.Debug|x64.Build.0 = Debug|x64
		{A663DD39-CFE3-471D-B107-F1ABDAD4B083}.Debug|x86.ActiveCfg = Debug|Win32
		{A663DD39-CFE3-471D-B107-F1ABDAD4B083}.Debug|x86.Build.0 = Debug|Win32
		{A663DD39-CFE3-471D-B107-F1ABDAD4B083}.Release|x64.ActiveCfg = Release|x64
		{A663DD39-CFE3-471D-B107-F1ABDAD4B083}.Release|x64.Build.0 = Release|x64
		{A663DD39-CFE3-471D-B107-F1ABDAD4B083}.Release|x86.ActiveCfg = Release|Win32
		{A663DD39-CFE3-471D-B107-F1ABDAD4B083}.Release|x86.Build.0 = Release|Win32
		{7B059433-3A4C-42B9-8DDF-B8F5380DBDFA}.Debug|x64.ActiveCfg = Debug|x64
		{7B059433-3A4C-42B9-8DDF-B8F5380DBDFA}.Debug|x64.Build.0 = Debug|x64
		{7B059433-3A4C-42B9-8DDF-B8F5380DBDFA}.Debug|x86.ActiveCfg = Debug|Win32
		{7B059433-3A4C-42B9-8DDF-B8F5380DBDFA}.Debug|x86.Build.0 = Debug|Win32
		{7B059433-3A4C-42B9-8DDF-B8F5380DBDFA}.Release|x64.ActiveCfg = Release|x64
		{7B059433-3A4C-42B9-8DDF-B8F5380DBDFA}.Release|x64.Build.0 = Release|x64
		{7B059433-3A4C-42B9-8DDF-B8F5380DBDFA}.Release|x86.ActiveCfg = Release|Win32
		{7B059433-3A4C-42B9-8DDF-B8F5380DBDFA}.Release|x86.Build.0 = Release|Win32
		{70C548ED-D50B-40D3-93D0-D8B526DA29DA}.Debug|x64.ActiveCfg = Debug|x64
		{70C548ED-D50B-40D3-93D0-D8B526DA29DA}.Debug|x64.Build.0 = Debug|x64
		{70C548ED-D50B-40D3-93D0-D8B526DA29DA}.Debug|x86.ActiveCfg = Debug|Win32
		{70C548ED-D50B-40D3-93D0-D8B526DA29DA}.Debug|x86.Build.0 = Debug|Win32
		{70C548ED-D50B-40D3-93D0-D8B526DA29DA}.Release|x64.ActiveCfg = Release|x64
		{70C548ED-D50B-40D3-93D0-D8B526DA29DA}.Release|x64.Build.0 = Release|x64
		{70C548ED-D50B-40D3-93D0-D8B526DA29DA}.Release|x86.ActiveCfg = Release|Win32
		{70C548ED-D50B-40D3-93D0-D8B526DA29DA}.Release|x86.Build.0 = Release|Win32
		{CE40DA96-FB49-42CD-894E-4F422A30D669}.Debug|x64.ActiveCfg = Debug|x64
		{CE40DA96-FB49-42CD-894E-4F422A30D669}.Debug|x64.Build.0 = Debug|x64
		{CE40DA96-FB49-42CD-894E-4F422A30D669}.Debug|x86.ActiveCfg = Debug|Win32
		{CE40DA96-FB49-42CD-894E-4F422A30D669}.Debug|x86.Build.0 = Debug|Win32
		{CE40DA96-FB49-42CD-894E-4F422A30D669}.Release|x64.ActiveCfg = Release|x64
		{CE40DA96-FB49-42CD-894E-4F422A30D669}.Release|x64.Build.0 = Release|x64
		{CE40DA96-FB49-42CD-894E-4F422A30D669}.Release|x86.ActiveCfg = Release|Win32
		{CE40DA96-FB49-42CD-894E-4F422A30D669}.Release|x86.Build.0 = Release|Win32
		{D6FB98A5-25C4-4B55-A1D3-D1C64CD71111}.Debug|x64.ActiveCfg = Debug|x64
		{D6FB98A5-25C4-4B55-A1D3-D1C64CD71111}.Debug|x64.Build.0 = Debug|x64
		{D6FB98A5-25C4-4B55-A1D3-D1C64CD71111}.Debug|x86.ActiveCfg = Debug|Win32
		{D6FB98A5-25C4-4B55-A1D3-D1C64CD71111}.Debug|x86.Build.0 = Debug|Win32
		{D6FB98A5-25C4-4B55-A1D3-D1C64CD71111}.Release|x64.ActiveCfg = Release|x64
		{D6FB98A5-25C4-4B55-A1D3-D1C64CD71111}.Release|x64.Build.0 = Release|x64
		{D6FB98A5-25C4-4B55-A1D3-D1C64CD71111}.Release|x86.ActiveCfg = Release|Win32
		{D6FB98A5-25C4-4B55-A1D3-D1C64CD71111}.Release|x86.Build.0 = Release|Win32
	EndGlobalSection
	GlobalSection(SolutionProperties) = preSolution
		HideSolutionNode = FALSE
	EndGlobalSection
	GlobalSection(ExtensibilityGlobals) = postSolution
		SolutionGuid = {21D3FC77-8B1D-499C-A2D3-340B60A867F7}
	EndGlobalSection
EndGlobal
